{
  "name": "public",
  "lockfileVersion": 2,
  "requires": true,
  "packages": {
    "": {
      "dependencies": {
        "@fortawesome/fontawesome-free": "^6.1.2",
        "@yaireo/tagify": "^4.16.2",
        "bootstrap": "^5.2.0",
        "bootstrap-icons": "^1.9.1",
        "bootstrap-table": "^1.21.0",
        "bs5-lightbox": "^1.8.0",
        "dropzone": "^6.0.0-beta.2",
        "izitoast": "^1.4.0",
        "jquery-blockui": "^2.7.0",
        "jquery-ui-sortable-npm": "^1.0.0",
        "jstree": "^3.3.12",
        "owl.carousel": "^2.3.4",
        "select2": "^4.1.0-rc.0",
        "select2-bootstrap-5-theme": "^1.3.0",
        "summernote": "^0.8.20",
        "sweetalert": "^2.1.2",
        "sweetalert2": "^11.4.29",
        "toastr": "^2.1.4"
      }
    },
    "node_modules/@fortawesome/fontawesome-free": {
      "version": "6.2.0",
      "resolved": "https://registry.npmjs.org/@fortawesome/fontawesome-free/-/fontawesome-free-6.2.0.tgz",
      "integrity": "sha512-CNR7qRIfCwWHNN7FnKUniva94edPdyQzil/zCwk3v6k4R6rR2Fr8i4s3PM7n/lyfPA6Zfko9z5WDzFxG9SW1uQ==",
      "hasInstallScript": true,
      "engines": {
        "node": ">=6"
      }
    },
    "node_modules/@popperjs/core": {
      "version": "2.11.6",
      "resolved": "https://registry.npmjs.org/@popperjs/core/-/core-2.11.6.tgz",
      "integrity": "sha512-50/17A98tWUfQ176raKiOGXuYpLyyVMkxxG6oylzL3BPOlA6ADGdK7EYunSa4I064xerltq9TGXs8HmOk5E+vw==",
      "peer": true,
      "funding": {
        "type": "opencollective",
        "url": "https://opencollective.com/popperjs"
      }
    },
    "node_modules/@swc/helpers": {
      "version": "0.2.14",
      "resolved": "https://registry.npmjs.org/@swc/helpers/-/helpers-0.2.14.tgz",
      "integrity": "sha512-wpCQMhf5p5GhNg2MmGKXzUNwxe7zRiCsmqYsamez2beP7mKPCSiu+BjZcdN95yYSzO857kr0VfQewmGpS77nqA=="
    },
    "node_modules/@yaireo/tagify": {
      "version": "4.16.4",
      "resolved": "https://registry.npmjs.org/@yaireo/tagify/-/tagify-4.16.4.tgz",
      "integrity": "sha512-7x13aVfYPGUUMXWkV11/Zw4w1RkkTWtaO/rEAkaOFNwGIFXDBeG5Wr4gWF6JSHXLZAreS53nHq6b6mJrtpUgYA==",
      "peerDependencies": {
        "prop-types": "^15.7.2"
      }
    },
    "node_modules/bootstrap": {
      "version": "5.2.1",
      "resolved": "https://registry.npmjs.org/bootstrap/-/bootstrap-5.2.1.tgz",
      "integrity": "sha512-UQi3v2NpVPEi1n35dmRRzBJFlgvWHYwyem6yHhuT6afYF+sziEt46McRbT//kVXZ7b1YUYEVGdXEH74Nx3xzGA==",
      "funding": [
        {
          "type": "github",
          "url": "https://github.com/sponsors/twbs"
        },
        {
          "type": "opencollective",
          "url": "https://opencollective.com/bootstrap"
        }
      ],
      "peerDependencies": {
        "@popperjs/core": "^2.11.6"
      }
    },
    "node_modules/bootstrap-icons": {
      "version": "1.9.1",
      "resolved": "https://registry.npmjs.org/bootstrap-icons/-/bootstrap-icons-1.9.1.tgz",
      "integrity": "sha512-d4ZkO30MIkAhQ2nNRJqKXJVEQorALGbLWTuRxyCTJF96lRIV6imcgMehWGJUiJMJhglN0o2tqLIeDnMdiQEE9g=="
    },
    "node_modules/bootstrap-table": {
      "version": "1.21.0",
      "resolved": "https://registry.npmjs.org/bootstrap-table/-/bootstrap-table-1.21.0.tgz",
      "integrity": "sha512-lQlqfxg7PujDpfVPn2FFjvYI2xARZ1lnTjwLDvi9kzCvznNR+lw3OJvBcTOiGT/TsckGSpZCnGZVZH8mRNT1xw==",
      "peerDependencies": {
        "jquery": "1.9.1 - 3"
      }
    },
    "node_modules/bs5-lightbox": {
      "version": "1.8.0",
      "resolved": "https://registry.npmjs.org/bs5-lightbox/-/bs5-lightbox-1.8.0.tgz",
      "integrity": "sha512-8M+P3G3t6BoduuuMvvweljHJ8g+OOBbv0tnwfEC8uE/z1kCOXoCKBMQwFzmahhKeYXMCoBPPJZfqZFeOULb8iQ==",
      "funding": {
        "url": "https://github.com/sponsors/trvswgnr"
      },
      "peerDependencies": {
        "bootstrap": "^5.0.0"
      }
    },
    "node_modules/dropzone": {
      "version": "6.0.0-beta.2",
      "resolved": "https://registry.npmjs.org/dropzone/-/dropzone-6.0.0-beta.2.tgz",
      "integrity": "sha512-k44yLuFFhRk53M8zP71FaaNzJYIzr99SKmpbO/oZKNslDjNXQsBTdfLs+iONd0U0L94zzlFzRnFdqbLcs7h9fQ==",
      "dependencies": {
        "@swc/helpers": "^0.2.13",
        "just-extend": "^5.0.0"
      }
    },
    "node_modules/es6-object-assign": {
      "version": "1.1.0",
      "resolved": "https://registry.npmjs.org/es6-object-assign/-/es6-object-assign-1.1.0.tgz",
      "integrity": "sha512-MEl9uirslVwqQU369iHNWZXsI8yaZYGg/D65aOgZkeyFJwHYSxilf7rQzXKI7DdDuBPrBXbfk3sl9hJhmd5AUw=="
    },
    "node_modules/izitoast": {
      "version": "1.4.0",
      "resolved": "https://registry.npmjs.org/izitoast/-/izitoast-1.4.0.tgz",
      "integrity": "sha512-Oc1X2wiQtPp39i5VpIjf3GJf5sfCtHKXZ5szx7RareyEeFLUlcEW0FSfBni28+Ul6KNKZRKzhVuWzSP4Xngh0w=="
    },
    "node_modules/jquery": {
      "version": "3.6.1",
      "resolved": "https://registry.npmjs.org/jquery/-/jquery-3.6.1.tgz",
      "integrity": "sha512-opJeO4nCucVnsjiXOE+/PcCgYw9Gwpvs/a6B1LL/lQhwWwpbVEVYDZ1FokFr8PRc7ghYlrFPuyHuiiDNTQxmcw=="
    },
    "node_modules/jquery-blockui": {
      "version": "2.7.0",
      "resolved": "https://registry.npmjs.org/jquery-blockui/-/jquery-blockui-2.7.0.tgz",
      "integrity": "sha512-lOiCCNYLaqUWMhBZRQ1GkeYAt2/4jX/1g9RvLYRvVtslaplGFnBLltffNAkkavjyPk6VintTj44Ky1yWrqxEzQ=="
    },
    "node_modules/jquery-ui-sortable-npm": {
      "version": "1.0.0",
      "resolved": "https://registry.npmjs.org/jquery-ui-sortable-npm/-/jquery-ui-sortable-npm-1.0.0.tgz",
      "integrity": "sha512-y4wIwcgpVq+vLlzT1/7aH+/WBzYEQhS4vtBExDphfnyz10ysglVfqXjwErv9xmczio+cpSAE7howhNYlD2pJQw=="
    },
    "node_modules/js-tokens": {
      "version": "4.0.0",
      "resolved": "https://registry.npmjs.org/js-tokens/-/js-tokens-4.0.0.tgz",
      "integrity": "sha512-RdJUflcE3cUzKiMqQgsCu06FPu9UdIJO0beYbPhHN4k6apgJtifcoCtT9bcxOpYBtpD2kCM6Sbzg4CausW/PKQ==",
      "peer": true
    },
    "node_modules/jstree": {
      "version": "3.3.12",
      "resolved": "https://registry.npmjs.org/jstree/-/jstree-3.3.12.tgz",
      "integrity": "sha512-vHNLWkUr02ZYH7RcIckvhtLUtneWCVEtIKpIp2G9WtRh01ITv18EoNtNQcFG3ozM+oK6wp1Z300gSLXNQWCqGA==",
      "dependencies": {
        "jquery": ">=1.9.1"
      }
    },
    "node_modules/just-extend": {
      "version": "5.1.1",
      "resolved": "https://registry.npmjs.org/just-extend/-/just-extend-5.1.1.tgz",
      "integrity": "sha512-b+z6yF1d4EOyDgylzQo5IminlUmzSeqR1hs/bzjBNjuGras4FXq/6TrzjxfN0j+TmI0ltJzTNlqXUMCniciwKQ=="
    },
    "node_modules/loose-envify": {
      "version": "1.4.0",
      "resolved": "https://registry.npmjs.org/loose-envify/-/loose-envify-1.4.0.tgz",
      "integrity": "sha512-lyuxPGr/Wfhrlem2CL/UcnUc1zcqKAImBDzukY7Y5F/yQiNdko6+fRLevlw1HgMySw7f611UIY408EtxRSoK3Q==",
      "peer": true,
      "dependencies": {
        "js-tokens": "^3.0.0 || ^4.0.0"
      },
      "bin": {
        "loose-envify": "cli.js"
      }
    },
    "node_modules/object-assign": {
      "version": "4.1.1",
      "resolved": "https://registry.npmjs.org/object-assign/-/object-assign-4.1.1.tgz",
      "integrity": "sha512-rJgTQnkUnH1sFw8yT6VSU3zD3sWmu6sZhIseY8VX+GRu3P6F7Fu+JNDoXfklElbLJSnc3FUQHVe4cU5hj+BcUg==",
      "peer": true,
      "engines": {
        "node": ">=0.10.0"
      }
    },
    "node_modules/owl.carousel": {
      "version": "2.3.4",
      "resolved": "https://registry.npmjs.org/owl.carousel/-/owl.carousel-2.3.4.tgz",
      "integrity": "sha512-JaDss9+feAvEW8KZppPSpllfposEzQiW+Ytt/Xm5t/3CTJ7YVmkh6RkWixoA2yXk2boIwedYxOvrrppIGzru9A==",
      "dependencies": {
        "jquery": ">=1.8.3"
      }
    },
    "node_modules/promise-polyfill": {
      "version": "6.1.0",
      "resolved": "https://registry.npmjs.org/promise-polyfill/-/promise-polyfill-6.1.0.tgz",
      "integrity": "sha512-g0LWaH0gFsxovsU7R5LrrhHhWAWiHRnh1GPrhXnPgYsDkIqjRYUYSZEsej/wtleDrz5xVSIDbeKfidztp2XHFQ=="
    },
    "node_modules/prop-types": {
      "version": "15.8.1",
      "resolved": "https://registry.npmjs.org/prop-types/-/prop-types-15.8.1.tgz",
      "integrity": "sha512-oj87CgZICdulUohogVAR7AjlC0327U4el4L6eAvOqCeudMDVU0NThNaV+b9Df4dXgSP1gXMTnPdhfe/2qDH5cg==",
      "peer": true,
      "dependencies": {
        "loose-envify": "^1.4.0",
        "object-assign": "^4.1.1",
        "react-is": "^16.13.1"
      }
    },
    "node_modules/react-is": {
      "version": "16.13.1",
      "resolved": "https://registry.npmjs.org/react-is/-/react-is-16.13.1.tgz",
      "integrity": "sha512-24e6ynE2H+OKt4kqsOvNd8kBpV65zoxbA4BVsEOB3ARVWQki/DHzaUoC5KuON/BiccDaCCTZBuOcfZs70kR8bQ==",
      "peer": true
    },
    "node_modules/select2": {
      "version": "4.1.0-rc.0",
      "resolved": "https://registry.npmjs.org/select2/-/select2-4.1.0-rc.0.tgz",
      "integrity": "sha512-Hr9TdhyHCZUtwznEH2CBf7967mEM0idtJ5nMtjvk3Up5tPukOLXbHUNmh10oRfeNIhj+3GD3niu+g6sVK+gK0A=="
    },
    "node_modules/select2-bootstrap-5-theme": {
      "version": "1.3.0",
      "resolved": "https://registry.npmjs.org/select2-bootstrap-5-theme/-/select2-bootstrap-5-theme-1.3.0.tgz",
      "integrity": "sha512-uEJDruP4tmwyKcs3V0oP7CIsyC45PGF5ddo8unwTp8OucJ1PSuTOBr+xbWaHTQPGnvp7N96psVQ5UBMQvFCcHA==",
      "dependencies": {
        "bootstrap": "^5.1.3"
      }
    },
    "node_modules/summernote": {
      "version": "0.8.20",
      "resolved": "https://registry.npmjs.org/summernote/-/summernote-0.8.20.tgz",
      "integrity": "sha512-W9RhjQjsn+b1s9xiJQgJbCiYGJaDAc9CdEqXo+D13WuStG8lCdtKaO5AiNiSSMJsQJN2EfGSwbBQt+SFE2B8Kw==",
      "hasInstallScript": true
    },
    "node_modules/sweetalert": {
      "version": "2.1.2",
      "resolved": "https://registry.npmjs.org/sweetalert/-/sweetalert-2.1.2.tgz",
      "integrity": "sha512-iWx7X4anRBNDa/a+AdTmvAzQtkN1+s4j/JJRWlHpYE8Qimkohs8/XnFcWeYHH2lMA8LRCa5tj2d244If3S/hzA==",
      "dependencies": {
        "es6-object-assign": "^1.1.0",
        "promise-polyfill": "^6.0.2"
      }
    },
    "node_modules/sweetalert2": {
      "version": "11.4.32",
      "resolved": "https://registry.npmjs.org/sweetalert2/-/sweetalert2-11.4.32.tgz",
      "integrity": "sha512-fcXWPzWjqYoLqlfPLL4GHpZDZr4Lm7opkaADKAD1LDM4KHJ5ZHN/8/Les5HWP7+yl+0mrqHHkbsSxjXdvDHHlg==",
      "funding": {
        "type": "individual",
        "url": "https://sweetalert2.github.io/#donations"
      }
    },
    "node_modules/toastr": {
      "version": "2.1.4",
      "resolved": "https://registry.npmjs.org/toastr/-/toastr-2.1.4.tgz",
      "integrity": "sha512-LIy77F5n+sz4tefMmFOntcJ6HL0Fv3k1TDnNmFZ0bU/GcvIIfy6eG2v7zQmMiYgaalAiUv75ttFrPn5s0gyqlA==",
      "dependencies": {
        "jquery": ">=1.12.0"
      }
    }
  },
  "dependencies": {
    "@fortawesome/fontawesome-free": {
      "version": "6.2.0",
      "resolved": "https://registry.npmjs.org/@fortawesome/fontawesome-free/-/fontawesome-free-6.2.0.tgz",
      "integrity": "sha512-CNR7qRIfCwWHNN7FnKUniva94edPdyQzil/zCwk3v6k4R6rR2Fr8i4s3PM7n/lyfPA6Zfko9z5WDzFxG9SW1uQ=="
    },
    "@popperjs/core": {
      "version": "2.11.6",
      "resolved": "https://registry.npmjs.org/@popperjs/core/-/core-2.11.6.tgz",
      "integrity": "sha512-50/17A98tWUfQ176raKiOGXuYpLyyVMkxxG6oylzL3BPOlA6ADGdK7EYunSa4I064xerltq9TGXs8HmOk5E+vw==",
      "peer": true
    },
    "@swc/helpers": {
      "version": "0.2.14",
      "resolved": "https://registry.npmjs.org/@swc/helpers/-/helpers-0.2.14.tgz",
      "integrity": "sha512-wpCQMhf5p5GhNg2MmGKXzUNwxe7zRiCsmqYsamez2beP7mKPCSiu+BjZcdN95yYSzO857kr0VfQewmGpS77nqA=="
    },
    "@yaireo/tagify": {
      "version": "4.16.4",
      "resolved": "https://registry.npmjs.org/@yaireo/tagify/-/tagify-4.16.4.tgz",
      "integrity": "sha512-7x13aVfYPGUUMXWkV11/Zw4w1RkkTWtaO/rEAkaOFNwGIFXDBeG5Wr4gWF6JSHXLZAreS53nHq6b6mJrtpUgYA==",
      "requires": {}
    },
    "bootstrap": {
      "version": "5.2.1",
      "resolved": "https://registry.npmjs.org/bootstrap/-/bootstrap-5.2.1.tgz",
      "integrity": "sha512-UQi3v2NpVPEi1n35dmRRzBJFlgvWHYwyem6yHhuT6afYF+sziEt46McRbT//kVXZ7b1YUYEVGdXEH74Nx3xzGA==",
      "requires": {}
    },
    "bootstrap-icons": {
      "version": "1.9.1",
      "resolved": "https://registry.npmjs.org/bootstrap-icons/-/bootstrap-icons-1.9.1.tgz",
      "integrity": "sha512-d4ZkO30MIkAhQ2nNRJqKXJVEQorALGbLWTuRxyCTJF96lRIV6imcgMehWGJUiJMJhglN0o2tqLIeDnMdiQEE9g=="
    },
    "bootstrap-table": {
      "version": "1.21.0",
      "resolved": "https://registry.npmjs.org/bootstrap-table/-/bootstrap-table-1.21.0.tgz",
      "integrity": "sha512-lQlqfxg7PujDpfVPn2FFjvYI2xARZ1lnTjwLDvi9kzCvznNR+lw3OJvBcTOiGT/TsckGSpZCnGZVZH8mRNT1xw==",
      "requires": {}
    },
    "bs5-lightbox": {
      "version": "1.8.0",
      "resolved": "https://registry.npmjs.org/bs5-lightbox/-/bs5-lightbox-1.8.0.tgz",
      "integrity": "sha512-8M+P3G3t6BoduuuMvvweljHJ8g+OOBbv0tnwfEC8uE/z1kCOXoCKBMQwFzmahhKeYXMCoBPPJZfqZFeOULb8iQ==",
      "requires": {}
    },
    "dropzone": {
      "version": "6.0.0-beta.2",
      "resolved": "https://registry.npmjs.org/dropzone/-/dropzone-6.0.0-beta.2.tgz",
      "integrity": "sha512-k44yLuFFhRk53M8zP71FaaNzJYIzr99SKmpbO/oZKNslDjNXQsBTdfLs+iONd0U0L94zzlFzRnFdqbLcs7h9fQ==",
      "requires": {
        "@swc/helpers": "^0.2.13",
        "just-extend": "^5.0.0"
      }
    },
    "es6-object-assign": {
      "version": "1.1.0",
      "resolved": "https://registry.npmjs.org/es6-object-assign/-/es6-object-assign-1.1.0.tgz",
      "integrity": "sha512-MEl9uirslVwqQU369iHNWZXsI8yaZYGg/D65aOgZkeyFJwHYSxilf7rQzXKI7DdDuBPrBXbfk3sl9hJhmd5AUw=="
    },
    "izitoast": {
      "version": "1.4.0",
      "resolved": "https://registry.npmjs.org/izitoast/-/izitoast-1.4.0.tgz",
      "integrity": "sha512-Oc1X2wiQtPp39i5VpIjf3GJf5sfCtHKXZ5szx7RareyEeFLUlcEW0FSfBni28+Ul6KNKZRKzhVuWzSP4Xngh0w=="
    },
    "jquery": {
      "version": "3.6.1",
      "resolved": "https://registry.npmjs.org/jquery/-/jquery-3.6.1.tgz",
      "integrity": "sha512-opJeO4nCucVnsjiXOE+/PcCgYw9Gwpvs/a6B1LL/lQhwWwpbVEVYDZ1FokFr8PRc7ghYlrFPuyHuiiDNTQxmcw=="
    },
    "jquery-blockui": {
      "version": "2.7.0",
      "resolved": "https://registry.npmjs.org/jquery-blockui/-/jquery-blockui-2.7.0.tgz",
      "integrity": "sha512-lOiCCNYLaqUWMhBZRQ1GkeYAt2/4jX/1g9RvLYRvVtslaplGFnBLltffNAkkavjyPk6VintTj44Ky1yWrqxEzQ=="
    },
    "jquery-ui-sortable-npm": {
      "version": "1.0.0",
      "resolved": "https://registry.npmjs.org/jquery-ui-sortable-npm/-/jquery-ui-sortable-npm-1.0.0.tgz",
      "integrity": "sha512-y4wIwcgpVq+vLlzT1/7aH+/WBzYEQhS4vtBExDphfnyz10ysglVfqXjwErv9xmczio+cpSAE7howhNYlD2pJQw=="
    },
    "js-tokens": {
      "version": "4.0.0",
      "resolved": "https://registry.npmjs.org/js-tokens/-/js-tokens-4.0.0.tgz",
      "integrity": "sha512-RdJUflcE3cUzKiMqQgsCu06FPu9UdIJO0beYbPhHN4k6apgJtifcoCtT9bcxOpYBtpD2kCM6Sbzg4CausW/PKQ==",
      "peer": true
    },
    "jstree": {
      "version": "3.3.12",
      "resolved": "https://registry.npmjs.org/jstree/-/jstree-3.3.12.tgz",
      "integrity": "sha512-vHNLWkUr02ZYH7RcIckvhtLUtneWCVEtIKpIp2G9WtRh01ITv18EoNtNQcFG3ozM+oK6wp1Z300gSLXNQWCqGA==",
      "requires": {
        "jquery": ">=1.9.1"
      }
    },
    "just-extend": {
      "version": "5.1.1",
      "resolved": "https://registry.npmjs.org/just-extend/-/just-extend-5.1.1.tgz",
      "integrity": "sha512-b+z6yF1d4EOyDgylzQo5IminlUmzSeqR1hs/bzjBNjuGras4FXq/6TrzjxfN0j+TmI0ltJzTNlqXUMCniciwKQ=="
    },
    "loose-envify": {
      "version": "1.4.0",
      "resolved": "https://registry.npmjs.org/loose-envify/-/loose-envify-1.4.0.tgz",
      "integrity": "sha512-lyuxPGr/Wfhrlem2CL/UcnUc1zcqKAImBDzukY7Y5F/yQiNdko6+fRLevlw1HgMySw7f611UIY408EtxRSoK3Q==",
      "peer": true,
      "requires": {
        "js-tokens": "^3.0.0 || ^4.0.0"
      }
    },
    "object-assign": {
      "version": "4.1.1",
      "resolved": "https://registry.npmjs.org/object-assign/-/object-assign-4.1.1.tgz",
      "integrity": "sha512-rJgTQnkUnH1sFw8yT6VSU3zD3sWmu6sZhIseY8VX+GRu3P6F7Fu+JNDoXfklElbLJSnc3FUQHVe4cU5hj+BcUg==",
      "peer": true
    },
    "owl.carousel": {
      "version": "2.3.4",
      "resolved": "https://registry.npmjs.org/owl.carousel/-/owl.carousel-2.3.4.tgz",
      "integrity": "sha512-JaDss9+feAvEW8KZppPSpllfposEzQiW+Ytt/Xm5t/3CTJ7YVmkh6RkWixoA2yXk2boIwedYxOvrrppIGzru9A==",
      "requires": {
        "jquery": ">=1.8.3"
      }
    },
    "promise-polyfill": {
      "version": "6.1.0",
      "resolved": "https://registry.npmjs.org/promise-polyfill/-/promise-polyfill-6.1.0.tgz",
      "integrity": "sha512-g0LWaH0gFsxovsU7R5LrrhHhWAWiHRnh1GPrhXnPgYsDkIqjRYUYSZEsej/wtleDrz5xVSIDbeKfidztp2XHFQ=="
    },
    "prop-types": {
      "version": "15.8.1",
      "resolved": "https://registry.npmjs.org/prop-types/-/prop-types-15.8.1.tgz",
      "integrity": "sha512-oj87CgZICdulUohogVAR7AjlC0327U4el4L6eAvOqCeudMDVU0NThNaV+b9Df4dXgSP1gXMTnPdhfe/2qDH5cg==",
      "peer": true,
      "requires": {
        "loose-envify": "^1.4.0",
        "object-assign": "^4.1.1",
        "react-is": "^16.13.1"
      }
    },
    "react-is": {
      "version": "16.13.1",
      "resolved": "https://registry.npmjs.org/react-is/-/react-is-16.13.1.tgz",
      "integrity": "sha512-24e6ynE2H+OKt4kqsOvNd8kBpV65zoxbA4BVsEOB3ARVWQki/DHzaUoC5KuON/BiccDaCCTZBuOcfZs70kR8bQ==",
      "peer": true
    },
    "select2": {
      "version": "4.1.0-rc.0",
      "resolved": "https://registry.npmjs.org/select2/-/select2-4.1.0-rc.0.tgz",
      "integrity": "sha512-Hr9TdhyHCZUtwznEH2CBf7967mEM0idtJ5nMtjvk3Up5tPukOLXbHUNmh10oRfeNIhj+3GD3niu+g6sVK+gK0A=="
    },
    "select2-bootstrap-5-theme": {
      "version": "1.3.0",
      "resolved": "https://registry.npmjs.org/select2-bootstrap-5-theme/-/select2-bootstrap-5-theme-1.3.0.tgz",
      "integrity": "sha512-uEJDruP4tmwyKcs3V0oP7CIsyC45PGF5ddo8unwTp8OucJ1PSuTOBr+xbWaHTQPGnvp7N96psVQ5UBMQvFCcHA==",
      "requires": {
        "bootstrap": "^5.1.3"
      }
    },
    "summernote": {
      "version": "0.8.20",
      "resolved": "https://registry.npmjs.org/summernote/-/summernote-0.8.20.tgz",
      "integrity": "sha512-W9RhjQjsn+b1s9xiJQgJbCiYGJaDAc9CdEqXo+D13WuStG8lCdtKaO5AiNiSSMJsQJN2EfGSwbBQt+SFE2B8Kw=="
    },
    "sweetalert": {
      "version": "2.1.2",
      "resolved": "https://registry.npmjs.org/sweetalert/-/sweetalert-2.1.2.tgz",
      "integrity": "sha512-iWx7X4anRBNDa/a+AdTmvAzQtkN1+s4j/JJRWlHpYE8Qimkohs8/XnFcWeYHH2lMA8LRCa5tj2d244If3S/hzA==",
      "requires": {
        "es6-object-assign": "^1.1.0",
        "promise-polyfill": "^6.0.2"
      }
    },
    "sweetalert2": {
      "version": "11.4.32",
      "resolved": "https://registry.npmjs.org/sweetalert2/-/sweetalert2-11.4.32.tgz",
      "integrity": "sha512-fcXWPzWjqYoLqlfPLL4GHpZDZr4Lm7opkaADKAD1LDM4KHJ5ZHN/8/Les5HWP7+yl+0mrqHHkbsSxjXdvDHHlg=="
    },
    "toastr": {
      "version": "2.1.4",
      "resolved": "https://registry.npmjs.org/toastr/-/toastr-2.1.4.tgz",
      "integrity": "sha512-LIy77F5n+sz4tefMmFOntcJ6HL0Fv3k1TDnNmFZ0bU/GcvIIfy6eG2v7zQmMiYgaalAiUv75ttFrPn5s0gyqlA==",
      "requires": {
        "jquery": ">=1.12.0"
      }
    }
  }
}
